
Microsoft Visual Studio Solution File, Format Version 12.00
# Visual Studio 14
VisualStudioVersion = 14.0.25123.0
MinimumVisualStudioVersion = 10.0.40219.1
Project("{F184B08F-C81C-45F6-A57F-5ABD9991F28F}") = "PC4 - P13", "PC4 - P13\PC4 - P13.vbproj", "{26947272-8B7E-4081-8B79-3A0D10C4280D}"
EndProject
Global
	GlobalSection(SolutionConfigurationPlatforms) = preSolution
		Debug|Any CPU = Debug|Any CPU
		Release|Any CPU = Release|Any CPU
	EndGlobalSection
	GlobalSection(ProjectConfigurationPlatforms) = postSolution
		{26947272-8B7E-4081-8B79-3A0D10C4280D}.Debug|Any CPU.ActiveCfg = Debug|Any CPU
		{26947272-8B7E-4081-8B79-3A0D10C4280D}.Debug|Any CPU.Build.0 = Debug|Any CPU
		{26947272-8B7E-4081-8B79-3A0D10C4280D}.Release|Any CPU.ActiveCfg = Release|Any CPU
		{26947272-8B7E-4081-8B79-3A0D10C4280D}.Release|Any CPU.Build.0 = Release|Any CPU
	EndGlobalSection
	GlobalSection(SolutionProperties) = preSolution
		HideSolutionNode = FALSE
	EndGlobalSection
EndGlobal
